<?xml version="1.0" encoding="utf-8"?>
<Project ToolsVersion="4.0" xmlns="http://schemas.microsoft.com/developer/msbuild/2003">
  <ItemGroup>
    <ClCompile Include="cstrike\dllmain.cpp" />
    <ClCompile Include="cstrike\cstrike.cpp" />
    <ClCompile Include="other\utils\utils.cpp" />
    <ClCompile Include="other\console\console.cpp" />
    <ClCompile Include="other\pattern\pattern.cpp" />
    <ClCompile Include="valve\netvars\netvars.cpp" />
    <ClCompile Include="valve\interfaces\interfaces.cpp" />
    <ClCompile Include="other\hash\hash.cpp" />
    <ClCompile Include="cstrike\render\render.cpp" />
    <ClCompile Include="cstrike\features\visuals\visuals.cpp" />
    <ClCompile Include="cstrike\input\input.cpp" />
    <ClCompile Include="other\math\math.cpp" />
    <ClCompile Include="cstrike\features\engine_prediction\engine_prediction.cpp" />
    <ClCompile Include="other\hash\md5.cpp" />
    <ClCompile Include="cstrike\features\movement\movement.cpp" />
    <ClCompile Include="cstrike\features\legitbot\legitbot.cpp" />
    <ClCompile Include="cstrike\features\legitbot\autowall.cpp" />
    <ClCompile Include="valve\client\entities\cs_player.cpp" />
    <ClCompile Include="cstrike\features\legitbot\backtracking.cpp" />
    <ClCompile Include="other\memory\pe.cpp" />
    <ClCompile Include="other\file_system\file_system.cpp" />
    <ClCompile Include="other\winapi\winapi.cpp" />
    <ClCompile Include="valve\signatures\signatures.cpp" />
    <ClCompile Include="other\detour\detour.cpp" />
    <ClCompile Include="cstrike\hooks\functions\client.cpp" />
    <ClCompile Include="cstrike\hooks\functions\client_input.cpp" />
    <ClCompile Include="cstrike\hooks\functions\client_mode_shared.cpp" />
    <ClCompile Include="cstrike\hooks\functions\csgo_player_anim_state.cpp" />
    <ClCompile Include="cstrike\hooks\functions\engine.cpp" />
    <ClCompile Include="cstrike\hooks\functions\engine_bsp_tree.cpp" />
    <ClCompile Include="cstrike\hooks\functions\engine_v_gui.cpp" />
    <ClCompile Include="cstrike\hooks\functions\material_system.cpp" />
    <ClCompile Include="cstrike\hooks\functions\players.cpp" />
    <ClCompile Include="cstrike\hooks\functions\scheme_manager.cpp" />
    <ClCompile Include="cstrike\hooks\functions\studio_render.cpp" />
    <ClCompile Include="cstrike\hooks\functions\weapon_cs_base.cpp" />
    <ClCompile Include="cstrike\hooks\hooks.cpp" />
  </ItemGroup>
  <ItemGroup>
    <ClInclude Include="cstrike\cstrike.h" />
    <ClInclude Include="other\utils\utils.h" />
    <ClInclude Include="other\other.h" />
    <ClInclude Include="other\console\console.h" />
    <ClInclude Include="other\pattern\pattern.h" />
    <ClInclude Include="other\memory\address.h" />
    <ClInclude Include="valve\valve.h" />
    <ClInclude Include="valve\client\client.h" />
    <ClInclude Include="valve\shared\shared.h" />
    <ClInclude Include="valve\shared\user_cmd.h" />
    <ClInclude Include="valve\shared\in_buttons.h" />
    <ClInclude Include="valve\netvars\netvars.h" />
    <ClInclude Include="valve\dt_recv.h" />
    <ClInclude Include="valve\dt_common.h" />
    <ClInclude Include="valve\client_class.h" />
    <ClInclude Include="valve\interfaces\interfaces.h" />
    <ClInclude Include="valve\cdll_int.h" />
    <ClInclude Include="other\hash\hash.h" />
    <ClInclude Include="valve\vgui\surface.h" />
    <ClInclude Include="valve\vgui\vgui.h" />
    <ClInclude Include="valve\engine_v_gui.h" />
    <ClInclude Include="cstrike\render\render.h" />
    <ClInclude Include="other\color\color.h" />
    <ClInclude Include="cstrike\features\visuals\visuals.h" />
    <ClInclude Include="cstrike\features\features.h" />
    <ClInclude Include="valve\client_entity_list.h" />
    <ClInclude Include="valve\engine\debug_overlay.h" />
    <ClInclude Include="valve\engine\engine.h" />
    <ClInclude Include="valve\global_vars_base.h" />
    <ClInclude Include="valve\tier1\localize.h" />
    <ClInclude Include="valve\tier1\tier1.h" />
    <ClInclude Include="other\easing\easing.h" />
    <ClInclude Include="other\memory\stack.h" />
    <ClInclude Include="valve\shared\csgo_player_anim_state.h" />
    <ClInclude Include="valve\mathlib\mathlib.h" />
    <ClInclude Include="valve\mathlib\mathlib_base.h" />
    <ClInclude Include="valve\client\animation_layer.h" />
    <ClInclude Include="valve\data_cache\mdl_cache.h" />
    <ClInclude Include="valve\data_cache\data_cache.h" />
    <ClInclude Include="valve\studio.h" />
    <ClInclude Include="cstrike\input\input.h" />
    <ClInclude Include="valve\client\client_input.h" />
    <ClInclude Include="cstrike\config.h" />
    <ClInclude Include="valve\studio_render\studio_render.h" />
    <ClInclude Include="valve\studio_render\studio_render_context.h" />
    <ClInclude Include="valve\data_map.h" />
    <ClInclude Include="valve\engine\trace.h" />
    <ClInclude Include="other\math\math.h" />
    <ClInclude Include="valve\engine\bsp_flags.h" />
    <ClInclude Include="valve\engine\utl_mem\utl_memory.h" />
    <ClInclude Include="valve\engine\utl_mem\utl_stack.h" />
    <ClInclude Include="valve\engine\utl_mem\utl_vector.h" />
    <ClInclude Include="valve\engine\utl_mem\utl_mem.h" />
    <ClInclude Include="valve\engine\model_info.h" />
    <ClInclude Include="valve\engine\convar.h" />
    <ClInclude Include="valve\prediction.h" />
    <ClInclude Include="cstrike\features\engine_prediction\engine_prediction.h" />
    <ClInclude Include="other\hash\md5.h" />
    <ClInclude Include="valve\net_channel.h" />
    <ClInclude Include="valve\bitbuf.h" />
    <ClInclude Include="valve\engine\event_info.h" />
    <ClInclude Include="valve\client\client_state.h" />
    <ClInclude Include="cstrike\features\movement\movement.h" />
    <ClInclude Include="cstrike\features\legitbot\legitbot.h" />
    <ClInclude Include="cstrike\features\legitbot\autowall.h" />
    <ClInclude Include="valve\physics\physics.h" />
    <ClInclude Include="valve\physics\physics_surface_props.h" />
    <ClInclude Include="valve\physics\multiplayer_physics.h" />
    <ClInclude Include="other\xor\xor.h" />
    <ClInclude Include="valve\tier1\interface.h" />
    <ClInclude Include="valve\material_system\material_system.h" />
    <ClInclude Include="valve\material_system\material.h" />
    <ClInclude Include="valve\client\entities\base_animating.h" />
    <ClInclude Include="valve\client\entities\base_attributable_item.h" />
    <ClInclude Include="valve\client\entities\base_combat_character.h" />
    <ClInclude Include="valve\client\entities\base_entity.h" />
    <ClInclude Include="valve\client\entities\base_player.h" />
    <ClInclude Include="valve\client\entities\breakable_surface.h" />
    <ClInclude Include="valve\client\entities\cs_player.h" />
    <ClInclude Include="valve\client\entities\weapon_cs_base.h" />
    <ClInclude Include="valve\client\entities\interfaces\client_entity.h" />
    <ClInclude Include="valve\client\entities\interfaces\client_handle.h" />
    <ClInclude Include="valve\client\entities\interfaces\client_networkable.h" />
    <ClInclude Include="valve\client\entities\interfaces\client_renderable.h" />
    <ClInclude Include="valve\client\entities\interfaces\client_thinkable.h" />
    <ClInclude Include="valve\client\entities\interfaces\client_unknown.h" />
    <ClInclude Include="valve\client\entities\entities.h" />
    <ClInclude Include="valve\client\net_graph_panel.h" />
    <ClInclude Include="other\math\datatypes\datatypes.h" />
    <ClInclude Include="other\math\datatypes\matrix_3x4.h" />
    <ClInclude Include="other\math\datatypes\q_ang.h" />
    <ClInclude Include="other\math\datatypes\vec_2.h" />
    <ClInclude Include="other\math\datatypes\vec_3.h" />
    <ClInclude Include="cstrike\features\legitbot\backtracking.h" />
    <ClInclude Include="other\memory\pe.h" />
    <ClInclude Include="valve\studio_render\material_system_config.h" />
    <ClInclude Include="other\winapi\winapi.h" />
    <ClInclude Include="other\file_system\file_system.h" />
    <ClInclude Include="valve\signatures\signatures.h" />
    <ClInclude Include="other\polyhook\include\polyhook2\Detour\ADetour.hpp" />
    <ClInclude Include="other\polyhook\include\polyhook2\Detour\x64Detour.hpp" />
    <ClInclude Include="other\polyhook\include\polyhook2\Detour\x86Detour.hpp" />
    <ClInclude Include="other\polyhook\include\polyhook2\ADisassembler.hpp" />
    <ClInclude Include="other\polyhook\include\polyhook2\CapstoneDisassembler.hpp" />
    <ClInclude Include="other\polyhook\include\polyhook2\Enums.hpp" />
    <ClInclude Include="other\polyhook\include\polyhook2\ErrorLog.hpp" />
    <ClInclude Include="other\polyhook\include\polyhook2\EventDispatcher.hpp" />
    <ClInclude Include="other\polyhook\include\polyhook2\IHook.hpp" />
    <ClInclude Include="other\polyhook\include\polyhook2\Instruction.hpp" />
    <ClInclude Include="other\polyhook\include\polyhook2\MemAccessor.hpp" />
    <ClInclude Include="other\polyhook\include\polyhook2\MemProtector.hpp" />
    <ClInclude Include="other\polyhook\include\polyhook2\Misc.hpp" />
    <ClInclude Include="other\polyhook\include\polyhook2\PageAllocator.hpp" />
    <ClInclude Include="other\polyhook\include\polyhook2\StackCanary.hpp" />
    <ClInclude Include="other\polyhook\include\polyhook2\TestEffectTracker.hpp" />
    <ClInclude Include="other\polyhook\include\polyhook2\UID.hpp" />
    <ClInclude Include="other\polyhook\include\capstone\arm.h" />
    <ClInclude Include="other\polyhook\include\capstone\arm64.h" />
    <ClInclude Include="other\polyhook\include\capstone\capstone.h" />
    <ClInclude Include="other\polyhook\include\capstone\evm.h" />
    <ClInclude Include="other\polyhook\include\capstone\m68k.h" />
    <ClInclude Include="other\polyhook\include\capstone\m680x.h" />
    <ClInclude Include="other\polyhook\include\capstone\mips.h" />
    <ClInclude Include="other\polyhook\include\capstone\platform.h" />
    <ClInclude Include="other\polyhook\include\capstone\ppc.h" />
    <ClInclude Include="other\polyhook\include\capstone\sparc.h" />
    <ClInclude Include="other\polyhook\include\capstone\systemz.h" />
    <ClInclude Include="other\polyhook\include\capstone\tms320c64x.h" />
    <ClInclude Include="other\polyhook\include\capstone\x86.h" />
    <ClInclude Include="other\polyhook\include\capstone\xcore.h" />
    <ClInclude Include="other\detour\detour.h" />
    <ClInclude Include="cstrike\hooks\hooks.h" />
  </ItemGroup>
  <ItemGroup>
    <Library Include="other\polyhook\lib\release\capstone.lib" />
    <Library Include="other\polyhook\lib\release\PolyHook_2.lib" />
    <Library Include="other\polyhook\lib\debug\capstone.lib" />
    <Library Include="other\polyhook\lib\debug\PolyHook_2.lib" />
  </ItemGroup>
</Project>