<?xml version="1.0" encoding="utf-8"?>
<Project ToolsVersion="4.0" xmlns="http://schemas.microsoft.com/developer/msbuild/2003">
  <ItemGroup>
    <ClCompile Include="cstrike\dllmain.cpp" />
    <ClCompile Include="cstrike\cstrike.cpp" />
    <ClCompile Include="other\utils\utils.cpp" />
    <ClCompile Include="other\console\console.cpp" />
    <ClCompile Include="valve\detour\detour.cpp" />
    <ClCompile Include="other\pattern\pattern.cpp" />
    <ClCompile Include="cstrike\hooked\hooked.cpp" />
    <ClCompile Include="cstrike\hooked\functions\base_player.cpp" />
    <ClCompile Include="valve\netvars\netvars.cpp" />
    <ClCompile Include="valve\interfaces\interfaces.cpp" />
    <ClCompile Include="other\hash\hash.cpp" />
    <ClCompile Include="cstrike\hooked\functions\engine_v_gui.cpp" />
    <ClCompile Include="cstrike\render\render.cpp" />
    <ClCompile Include="cstrike\features\visuals\visuals.cpp" />
    <ClCompile Include="cstrike\hooked\functions\client_mode_shared.cpp" />
    <ClCompile Include="cstrike\hooked\functions\weapon_cs_base.cpp" />
    <ClCompile Include="cstrike\hooked\functions\csgo_player_anim_state.cpp" />
    <ClCompile Include="cstrike\input\input.cpp" />
    <ClCompile Include="cstrike\hooked\functions\client_input.cpp" />
    <ClCompile Include="cstrike\hooked\functions\scheme_manager.cpp" />
    <ClCompile Include="cstrike\hooked\functions\studio_render.cpp" />
    <ClCompile Include="other\math\math.cpp" />
    <ClCompile Include="cstrike\hooked\functions\client.cpp" />
    <ClCompile Include="cstrike\features\engine_prediction\engine_prediction.cpp" />
    <ClCompile Include="other\hash\md5.cpp" />
    <ClCompile Include="cstrike\features\movement\movement.cpp" />
    <ClCompile Include="cstrike\features\legitbot\legitbot.cpp" />
    <ClCompile Include="cstrike\features\legitbot\autowall.cpp" />
    <ClCompile Include="valve\client\cs_player.cpp" />
  </ItemGroup>
  <ItemGroup>
    <ClInclude Include="cstrike\cstrike.h" />
    <ClInclude Include="other\utils\utils.h" />
    <ClInclude Include="other\other.h" />
    <ClInclude Include="other\console\console.h" />
    <ClInclude Include="valve\detour\detour.h" />
    <ClInclude Include="other\pattern\pattern.h" />
    <ClInclude Include="other\memory\address.h" />
    <ClInclude Include="valve\valve.h" />
    <ClInclude Include="cstrike\hooked\hooked.h" />
    <ClInclude Include="valve\client\base_animating.h" />
    <ClInclude Include="valve\client\base_combat_character.h" />
    <ClInclude Include="valve\client\base_entity.h" />
    <ClInclude Include="valve\client\base_player.h" />
    <ClInclude Include="valve\client\cs_player.h" />
    <ClInclude Include="valve\client\client.h" />
    <ClInclude Include="valve\shared\shared.h" />
    <ClInclude Include="valve\shared\user_cmd.h" />
    <ClInclude Include="valve\shared\in_buttons.h" />
    <ClInclude Include="valve\netvars\netvars.h" />
    <ClInclude Include="valve\dt_recv.h" />
    <ClInclude Include="valve\dt_common.h" />
    <ClInclude Include="valve\client_class.h" />
    <ClInclude Include="valve\interfaces\interfaces.h" />
    <ClInclude Include="valve\cdll_int.h" />
    <ClInclude Include="other\hash\hash.h" />
    <ClInclude Include="valve\vgui\surface.h" />
    <ClInclude Include="valve\vgui\vgui.h" />
    <ClInclude Include="valve\engine_v_gui.h" />
    <ClInclude Include="cstrike\render\render.h" />
    <ClInclude Include="other\color\color.h" />
    <ClInclude Include="cstrike\features\visuals\visuals.h" />
    <ClInclude Include="cstrike\features\features.h" />
    <ClInclude Include="valve\client_entity_list.h" />
    <ClInclude Include="valve\engine\debug_overlay.h" />
    <ClInclude Include="valve\engine\engine.h" />
    <ClInclude Include="valve\global_vars_base.h" />
    <ClInclude Include="valve\tier1\localize.h" />
    <ClInclude Include="valve\tier1\tier1.h" />
    <ClInclude Include="other\easing\easing.h" />
    <ClInclude Include="other\memory\stack.h" />
    <ClInclude Include="valve\client\weapon_cs_base.h" />
    <ClInclude Include="valve\shared\csgo_player_anim_state.h" />
    <ClInclude Include="valve\mathlib\mathlib.h" />
    <ClInclude Include="valve\mathlib\mathlib_base.h" />
    <ClInclude Include="valve\client\animation_layer.h" />
    <ClInclude Include="valve\data_cache\mdl_cache.h" />
    <ClInclude Include="valve\data_cache\data_cache.h" />
    <ClInclude Include="valve\signatures.h" />
    <ClInclude Include="valve\studio.h" />
    <ClInclude Include="cstrike\input\input.h" />
    <ClInclude Include="valve\client\client_input.h" />
    <ClInclude Include="cstrike\config.h" />
    <ClInclude Include="valve\studio_render\studio_render.h" />
    <ClInclude Include="valve\studio_render\studio_render_context.h" />
    <ClInclude Include="valve\client\interfaces\client_entity.h" />
    <ClInclude Include="valve\client\interfaces\client_handle.h" />
    <ClInclude Include="valve\client\interfaces\client_networkable.h" />
    <ClInclude Include="valve\client\interfaces\client_renderable.h" />
    <ClInclude Include="valve\client\interfaces\client_unknown.h" />
    <ClInclude Include="other\math\matrix_3x4.h" />
    <ClInclude Include="valve\data_map.h" />
    <ClInclude Include="valve\engine\trace.h" />
    <ClInclude Include="other\math\math.h" />
    <ClInclude Include="valve\engine\bsp_flags.h" />
    <ClInclude Include="valve\engine\utl_mem\utl_memory.h" />
    <ClInclude Include="valve\engine\utl_mem\utl_stack.h" />
    <ClInclude Include="valve\engine\utl_mem\utl_vector.h" />
    <ClInclude Include="valve\engine\utl_mem\utl_mem.h" />
    <ClInclude Include="valve\client\interfaces\client_thinkable.h" />
    <ClInclude Include="valve\engine\model_info.h" />
    <ClInclude Include="valve\engine\convar.h" />
    <ClInclude Include="valve\prediction.h" />
    <ClInclude Include="cstrike\features\engine_prediction\engine_prediction.h" />
    <ClInclude Include="other\math\vec_3.h" />
    <ClInclude Include="other\hash\md5.h" />
    <ClInclude Include="valve\net_channel.h" />
    <ClInclude Include="valve\bitbuf.h" />
    <ClInclude Include="valve\engine\event_info.h" />
    <ClInclude Include="valve\client\client_state.h" />
    <ClInclude Include="cstrike\features\movement\movement.h" />
    <ClInclude Include="valve\app_system.h" />
    <ClInclude Include="cstrike\features\legitbot\legitbot.h" />
    <ClInclude Include="cstrike\features\legitbot\autowall.h" />
    <ClInclude Include="valve\physics\physics.h" />
    <ClInclude Include="valve\physics\physics_surface_props.h" />
    <ClInclude Include="valve\physics\multiplayer_physics.h" />
    <ClInclude Include="valve\client\breakable_surface.h" />
    <ClInclude Include="valve\client\base_attributable_item.h" />
    <ClInclude Include="other\math\q_ang.h" />
    <ClInclude Include="other\xor\xor.h" />
    <ClInclude Include="valve\tier1\interface.h" />
  </ItemGroup>
</Project>